
Microsoft Visual Studio Solution File, Format Version 12.00
Project("{FAE04EC0-301F-11D3-BF4B-00C04F79EFBC}") = "Learning6", "Learning6\Learning6.csproj", "{5587CCF7-3B7B-4421-B34F-F62B6CEB8EE4}"
EndProject
Global
	GlobalSection(SolutionConfigurationPlatforms) = preSolution
		Debug|Any CPU = Debug|Any CPU
		Release|Any CPU = Release|Any CPU
	EndGlobalSection
	GlobalSection(ProjectConfigurationPlatforms) = postSolution
		{5587CCF7-3B7B-4421-B34F-F62B6CEB8EE4}.Debug|Any CPU.ActiveCfg = Debug|Any CPU
		{5587CCF7-3B7B-4421-B34F-F62B6CEB8EE4}.Debug|Any CPU.Build.0 = Debug|Any CPU
		{5587CCF7-3B7B-4421-B34F-F62B6CEB8EE4}.Release|Any CPU.ActiveCfg = Release|Any CPU
		{5587CCF7-3B7B-4421-B34F-F62B6CEB8EE4}.Release|Any CPU.Build.0 = Release|Any CPU
	EndGlobalSection
EndGlobal
